
Microsoft Visual Studio Solution File, Format Version 12.00
# Visual Studio Version 16
VisualStudioVersion = 16.0.31911.196
MinimumVisualStudioVersion = 10.0.40219.1
Project("{9A19103F-16F7-4668-BE54-9A1E7A4F7556}") = "BackendCSharp", "BackendCSharp.csproj", "{14AB99EA-1A86-496C-A6CB-E51E9DEFAC73}"
EndProject
Global
	GlobalSection(SolutionConfigurationPlatforms) = preSolution
		Debug|Any CPU = Debug|Any CPU
		Release|Any CPU = Release|Any CPU
	EndGlobalSection
	GlobalSection(ProjectConfigurationPlatforms) = postSolution
		{14AB99EA-1A86-496C-A6CB-E51E9DEFAC73}.Debug|Any CPU.ActiveCfg = Debug|Any CPU
		{14AB99EA-1A86-496C-A6CB-E51E9DEFAC73}.Debug|Any CPU.Build.0 = Debug|Any CPU
		{14AB99EA-1A86-496C-A6CB-E51E9DEFAC73}.Release|Any CPU.ActiveCfg = Release|Any CPU
		{14AB99EA-1A86-496C-A6CB-E51E9DEFAC73}.Release|Any CPU.Build.0 = Release|Any CPU
	EndGlobalSection
	GlobalSection(SolutionProperties) = preSolution
		HideSolutionNode = FALSE
	EndGlobalSection
	GlobalSection(ExtensibilityGlobals) = postSolution
		SolutionGuid = {1455D5C6-0AF1-4A70-B4E9-88815F148291}
	EndGlobalSection
EndGlobal
